
Microsoft Visual Studio Solution File, Format Version 12.00
# Visual Studio Version 17
VisualStudioVersion = 17.3.32819.101
MinimumVisualStudioVersion = 10.0.40219.1
Project("{9A19103F-16F7-4668-BE54-9A1E7A4F7556}") = "NhlSystemClassLibrary", "NhlSystemClassLibrary\NhlSystemClassLibrary.csproj", "{5412A0C8-87B9-406A-A8C2-973D4FBE6356}"
EndProject
Project("{9A19103F-16F7-4668-BE54-9A1E7A4F7556}") = "NhlConsoleApp", "NhlConsoleApp\NhlConsoleApp.csproj", "{EBE19666-AE9C-4610-84F3-6CB8E163D1D2}"
EndProject
Project("{9A19103F-16F7-4668-BE54-9A1E7A4F7556}") = "NhlSystemTestProject", "NhlSystemTestProject\NhlSystemTestProject.csproj", "{D69C7274-B6F5-4F7E-B4E4-91BB771C5E9E}"
EndProject
Project("{9A19103F-16F7-4668-BE54-9A1E7A4F7556}") = "DemoTestProject", "DemoTestProject\DemoTestProject.csproj", "{3C809714-929A-4F19-BB5C-4F322192DA01}"
EndProject
Project("{FAE04EC0-301F-11D3-BF4B-00C04F79EFBC}") = "InitialWebApp", "InitialWebApp\InitialWebApp.csproj", "{80CE66D3-4A1E-4850-8122-4C55621E28DA}"
EndProject
Global
	GlobalSection(SolutionConfigurationPlatforms) = preSolution
		Debug|Any CPU = Debug|Any CPU
		Release|Any CPU = Release|Any CPU
	EndGlobalSection
	GlobalSection(ProjectConfigurationPlatforms) = postSolution
		{5412A0C8-87B9-406A-A8C2-973D4FBE6356}.Debug|Any CPU.ActiveCfg = Debug|Any CPU
		{5412A0C8-87B9-406A-A8C2-973D4FBE6356}.Debug|Any CPU.Build.0 = Debug|Any CPU
		{5412A0C8-87B9-406A-A8C2-973D4FBE6356}.Release|Any CPU.ActiveCfg = Release|Any CPU
		{5412A0C8-87B9-406A-A8C2-973D4FBE6356}.Release|Any CPU.Build.0 = Release|Any CPU
		{EBE19666-AE9C-4610-84F3-6CB8E163D1D2}.Debug|Any CPU.ActiveCfg = Debug|Any CPU
		{EBE19666-AE9C-4610-84F3-6CB8E163D1D2}.Debug|Any CPU.Build.0 = Debug|Any CPU
		{EBE19666-AE9C-4610-84F3-6CB8E163D1D2}.Release|Any CPU.ActiveCfg = Release|Any CPU
		{EBE19666-AE9C-4610-84F3-6CB8E163D1D2}.Release|Any CPU.Build.0 = Release|Any CPU
		{D69C7274-B6F5-4F7E-B4E4-91BB771C5E9E}.Debug|Any CPU.ActiveCfg = Debug|Any CPU
		{D69C7274-B6F5-4F7E-B4E4-91BB771C5E9E}.Debug|Any CPU.Build.0 = Debug|Any CPU
		{D69C7274-B6F5-4F7E-B4E4-91BB771C5E9E}.Release|Any CPU.ActiveCfg = Release|Any CPU
		{D69C7274-B6F5-4F7E-B4E4-91BB771C5E9E}.Release|Any CPU.Build.0 = Release|Any CPU
		{3C809714-929A-4F19-BB5C-4F322192DA01}.Debug|Any CPU.ActiveCfg = Debug|Any CPU
		{3C809714-929A-4F19-BB5C-4F322192DA01}.Debug|Any CPU.Build.0 = Debug|Any CPU
		{3C809714-929A-4F19-BB5C-4F322192DA01}.Release|Any CPU.ActiveCfg = Release|Any CPU
		{3C809714-929A-4F19-BB5C-4F322192DA01}.Release|Any CPU.Build.0 = Release|Any CPU
		{80CE66D3-4A1E-4850-8122-4C55621E28DA}.Debug|Any CPU.ActiveCfg = Debug|Any CPU
		{80CE66D3-4A1E-4850-8122-4C55621E28DA}.Debug|Any CPU.Build.0 = Debug|Any CPU
		{80CE66D3-4A1E-4850-8122-4C55621E28DA}.Release|Any CPU.ActiveCfg = Release|Any CPU
		{80CE66D3-4A1E-4850-8122-4C55621E28DA}.Release|Any CPU.Build.0 = Release|Any CPU
	EndGlobalSection
	GlobalSection(SolutionProperties) = preSolution
		HideSolutionNode = FALSE
	EndGlobalSection
	GlobalSection(ExtensibilityGlobals) = postSolution
		SolutionGuid = {67F20433-5810-4511-94C6-D4656A569889}
	EndGlobalSection
EndGlobal
